
Microsoft Visual Studio Solution File, Format Version 12.00
# Visual Studio 14
VisualStudioVersion = 14.0.25123.0
MinimumVisualStudioVersion = 10.0.40219.1
Project("{FAE04EC0-301F-11D3-BF4B-00C04F79EFBC}") = "TemplateGenerator", "TemplateGenerator\TemplateGenerator.csproj", "{32E14DCB-F5D7-40BC-8D0A-C063735DA6BA}"
EndProject
Project("{2150E333-8FDC-42A3-9474-1A3956D46DE8}") = "Tests", "Tests", "{B55CE87E-D3EE-467C-90FB-7DA62B4CAB08}"
EndProject
Project("{FAE04EC0-301F-11D3-BF4B-00C04F79EFBC}") = "TemplateGeneratorTest", "TemplateGeneratorTest\TemplateGeneratorTest.csproj", "{BC6A1B2D-DAC9-4FB7-9AF9-A8BEEC2F4A30}"
EndProject
Global
	GlobalSection(SolutionConfigurationPlatforms) = preSolution
		Debug|Any CPU = Debug|Any CPU
		Release|Any CPU = Release|Any CPU
	EndGlobalSection
	GlobalSection(ProjectConfigurationPlatforms) = postSolution
		{32E14DCB-F5D7-40BC-8D0A-C063735DA6BA}.Debug|Any CPU.ActiveCfg = Debug|Any CPU
		{32E14DCB-F5D7-40BC-8D0A-C063735DA6BA}.Debug|Any CPU.Build.0 = Debug|Any CPU
		{32E14DCB-F5D7-40BC-8D0A-C063735DA6BA}.Release|Any CPU.ActiveCfg = Release|Any CPU
		{32E14DCB-F5D7-40BC-8D0A-C063735DA6BA}.Release|Any CPU.Build.0 = Release|Any CPU
		{BC6A1B2D-DAC9-4FB7-9AF9-A8BEEC2F4A30}.Debug|Any CPU.ActiveCfg = Debug|Any CPU
		{BC6A1B2D-DAC9-4FB7-9AF9-A8BEEC2F4A30}.Debug|Any CPU.Build.0 = Debug|Any CPU
		{BC6A1B2D-DAC9-4FB7-9AF9-A8BEEC2F4A30}.Release|Any CPU.ActiveCfg = Release|Any CPU
		{BC6A1B2D-DAC9-4FB7-9AF9-A8BEEC2F4A30}.Release|Any CPU.Build.0 = Release|Any CPU
	EndGlobalSection
	GlobalSection(SolutionProperties) = preSolution
		HideSolutionNode = FALSE
	EndGlobalSection
	GlobalSection(NestedProjects) = preSolution
		{BC6A1B2D-DAC9-4FB7-9AF9-A8BEEC2F4A30} = {B55CE87E-D3EE-467C-90FB-7DA62B4CAB08}
	EndGlobalSection
EndGlobal
